// !$*UTF8*$!
{
	archiveVersion = 1;
	classes = {
	};
	objectVersion = 50;
	objects = {

/* Begin PBXBuildFile section */
		81ADF6CE20DD63B700498BC9 /* NetworkHelper.swift in Sources */ = {isa = PBXBuildFile; fileRef = 81ADF6CD20DD63B700498BC9 /* NetworkHelper.swift */; };
		81ADF6D020DD737E00498BC9 /* EventAPIClient.swift in Sources */ = {isa = PBXBuildFile; fileRef = 81ADF6CF20DD737E00498BC9 /* EventAPIClient.swift */; };
		81ADF6D220DD740700498BC9 /* EventModel.swift in Sources */ = {isa = PBXBuildFile; fileRef = 81ADF6D120DD740700498BC9 /* EventModel.swift */; };
		81ADF6D420DEF01200498BC9 /* CalenderCell.swift in Sources */ = {isa = PBXBuildFile; fileRef = 81ADF6D320DEF01100498BC9 /* CalenderCell.swift */; };
		81D31C5320D693460004268F /* AppDelegate.swift in Sources */ = {isa = PBXBuildFile; fileRef = 81D31C5220D693460004268F /* AppDelegate.swift */; };
		81D31C5520D693460004268F /* CalendarVC.swift in Sources */ = {isa = PBXBuildFile; fileRef = 81D31C5420D693460004268F /* CalendarVC.swift */; };
		81D31C5A20D6934A0004268F /* Assets.xcassets in Resources */ = {isa = PBXBuildFile; fileRef = 81D31C5920D6934A0004268F /* Assets.xcassets */; };
		81D31C5D20D6934A0004268F /* LaunchScreen.storyboard in Resources */ = {isa = PBXBuildFile; fileRef = 81D31C5B20D6934A0004268F /* LaunchScreen.storyboard */; };
		81D31C6520D7161B0004268F /* CalendarView.swift in Sources */ = {isa = PBXBuildFile; fileRef = 81D31C6420D7161B0004268F /* CalendarView.swift */; };
		81D31C6720D72CBC0004268F /* MonthView.swift in Sources */ = {isa = PBXBuildFile; fileRef = 81D31C6620D72CBC0004268F /* MonthView.swift */; };
		81D31C6920D72E4D0004268F /* WeekdayView.swift in Sources */ = {isa = PBXBuildFile; fileRef = 81D31C6820D72E4D0004268F /* WeekdayView.swift */; };
		81E2FA2120E173C600608656 /* SeeEventsCreated.swift in Sources */ = {isa = PBXBuildFile; fileRef = 81E2FA2020E173C600608656 /* SeeEventsCreated.swift */; };
		81E2FA2520E2EC5200608656 /* CreateEventView.swift in Sources */ = {isa = PBXBuildFile; fileRef = 81E2FA2420E2EC5200608656 /* CreateEventView.swift */; };
		81E2FA2720E3F3F800608656 /* CreateEventViewController.swift in Sources */ = {isa = PBXBuildFile; fileRef = 81E2FA2620E3F3F800608656 /* CreateEventViewController.swift */; };
		81E2FA2920E6E6B400608656 /* seeEventsTableViewCell.swift in Sources */ = {isa = PBXBuildFile; fileRef = 81E2FA2820E6E6B400608656 /* seeEventsTableViewCell.swift */; };
/* End PBXBuildFile section */

/* Begin PBXFileReference section */
		81ADF6CD20DD63B700498BC9 /* NetworkHelper.swift */ = {isa = PBXFileReference; lastKnownFileType = sourcecode.swift; path = NetworkHelper.swift; sourceTree = "<group>"; };
		81ADF6CF20DD737E00498BC9 /* EventAPIClient.swift */ = {isa = PBXFileReference; lastKnownFileType = sourcecode.swift; path = EventAPIClient.swift; sourceTree = "<group>"; };
		81ADF6D120DD740700498BC9 /* EventModel.swift */ = {isa = PBXFileReference; lastKnownFileType = sourcecode.swift; path = EventModel.swift; sourceTree = "<group>"; };
		81ADF6D320DEF01100498BC9 /* CalenderCell.swift */ = {isa = PBXFileReference; lastKnownFileType = sourcecode.swift; path = CalenderCell.swift; sourceTree = "<group>"; };
		81D31C4F20D693460004268F /* CalendarApp.app */ = {isa = PBXFileReference; explicitFileType = wrapper.application; includeInIndex = 0; path = CalendarApp.app; sourceTree = BUILT_PRODUCTS_DIR; };
		81D31C5220D693460004268F /* AppDelegate.swift */ = {isa = PBXFileReference; lastKnownFileType = sourcecode.swift; path = AppDelegate.swift; sourceTree = "<group>"; };
		81D31C5420D693460004268F /* CalendarVC.swift */ = {isa = PBXFileReference; lastKnownFileType = sourcecode.swift; path = CalendarVC.swift; sourceTree = "<group>"; };
		81D31C5920D6934A0004268F /* Assets.xcassets */ = {isa = PBXFileReference; lastKnownFileType = folder.assetcatalog; path = Assets.xcassets; sourceTree = "<group>"; };
		81D31C5C20D6934A0004268F /* Base */ = {isa = PBXFileReference; lastKnownFileType = file.storyboard; name = Base; path = Base.lproj/LaunchScreen.storyboard; sourceTree = "<group>"; };
		81D31C5E20D6934A0004268F /* Info.plist */ = {isa = PBXFileReference; lastKnownFileType = text.plist.xml; path = Info.plist; sourceTree = "<group>"; };
		81D31C6420D7161B0004268F /* CalendarView.swift */ = {isa = PBXFileReference; lastKnownFileType = sourcecode.swift; path = CalendarView.swift; sourceTree = "<group>"; };
		81D31C6620D72CBC0004268F /* MonthView.swift */ = {isa = PBXFileReference; lastKnownFileType = sourcecode.swift; path = MonthView.swift; sourceTree = "<group>"; };
		81D31C6820D72E4D0004268F /* WeekdayView.swift */ = {isa = PBXFileReference; lastKnownFileType = sourcecode.swift; path = WeekdayView.swift; sourceTree = "<group>"; };
		81E2FA2020E173C600608656 /* SeeEventsCreated.swift */ = {isa = PBXFileReference; lastKnownFileType = sourcecode.swift; path = SeeEventsCreated.swift; sourceTree = "<group>"; };
		81E2FA2420E2EC5200608656 /* CreateEventView.swift */ = {isa = PBXFileReference; lastKnownFileType = sourcecode.swift; path = CreateEventView.swift; sourceTree = "<group>"; };
		81E2FA2620E3F3F800608656 /* CreateEventViewController.swift */ = {isa = PBXFileReference; lastKnownFileType = sourcecode.swift; path = CreateEventViewController.swift; sourceTree = "<group>"; };
		81E2FA2820E6E6B400608656 /* seeEventsTableViewCell.swift */ = {isa = PBXFileReference; lastKnownFileType = sourcecode.swift; path = seeEventsTableViewCell.swift; sourceTree = "<group>"; };
/* End PBXFileReference section */

/* Begin PBXFrameworksBuildPhase section */
		81D31C4C20D693460004268F /* Frameworks */ = {
			isa = PBXFrameworksBuildPhase;
			buildActionMask = 2147483647;
			files = (
			);
			runOnlyForDeploymentPostprocessing = 0;
		};
/* End PBXFrameworksBuildPhase section */

/* Begin PBXGroup section */
		81D31C4620D693460004268F = {
			isa = PBXGroup;
			children = (
				81D31C5120D693460004268F /* CalendarApp */,
				81D31C5020D693460004268F /* Products */,
			);
			sourceTree = "<group>";
		};
		81D31C5020D693460004268F /* Products */ = {
			isa = PBXGroup;
			children = (
				81D31C4F20D693460004268F /* CalendarApp.app */,
			);
			name = Products;
			sourceTree = "<group>";
		};
		81D31C5120D693460004268F /* CalendarApp */ = {
			isa = PBXGroup;
			children = (
				81E2FA2B20E6EB0D00608656 /* ViewControllers */,
				81E2FA2C20E6EB2000608656 /* Views */,
				81E2FA2A20E6EA7A00608656 /* Cells */,
				81E2FA2D20E6EB3C00608656 /* Models */,
				81E2FA2E20E6EB6600608656 /* SupportingFiles */,
				81D31C5E20D6934A0004268F /* Info.plist */,
			);
			path = CalendarApp;
			sourceTree = "<group>";
		};
		81E2FA2A20E6EA7A00608656 /* Cells */ = {
			isa = PBXGroup;
			children = (
				81E2FA2820E6E6B400608656 /* seeEventsTableViewCell.swift */,
				81ADF6D320DEF01100498BC9 /* CalenderCell.swift */,
			);
			path = Cells;
			sourceTree = "<group>";
		};
		81E2FA2B20E6EB0D00608656 /* ViewControllers */ = {
			isa = PBXGroup;
			children = (
				81E2FA2620E3F3F800608656 /* CreateEventViewController.swift */,
				81D31C5420D693460004268F /* CalendarVC.swift */,
			);
			path = ViewControllers;
			sourceTree = "<group>";
		};
		81E2FA2C20E6EB2000608656 /* Views */ = {
			isa = PBXGroup;
			children = (
				81E2FA2420E2EC5200608656 /* CreateEventView.swift */,
				81E2FA2020E173C600608656 /* SeeEventsCreated.swift */,
				81D31C6620D72CBC0004268F /* MonthView.swift */,
				81D31C6820D72E4D0004268F /* WeekdayView.swift */,
				81D31C6420D7161B0004268F /* CalendarView.swift */,
			);
			path = Views;
			sourceTree = "<group>";
		};
		81E2FA2D20E6EB3C00608656 /* Models */ = {
			isa = PBXGroup;
			children = (
				81ADF6D120DD740700498BC9 /* EventModel.swift */,
				81ADF6CF20DD737E00498BC9 /* EventAPIClient.swift */,
				81ADF6CD20DD63B700498BC9 /* NetworkHelper.swift */,
			);
			path = Models;
			sourceTree = "<group>";
		};
		81E2FA2E20E6EB6600608656 /* SupportingFiles */ = {
			isa = PBXGroup;
			children = (
				81D31C5220D693460004268F /* AppDelegate.swift */,
				81D31C5920D6934A0004268F /* Assets.xcassets */,
				81D31C5B20D6934A0004268F /* LaunchScreen.storyboard */,
			);
			path = SupportingFiles;
			sourceTree = "<group>";
		};
/* End PBXGroup section */

/* Begin PBXNativeTarget section */
		81D31C4E20D693460004268F /* CalendarApp */ = {
			isa = PBXNativeTarget;
			buildConfigurationList = 81D31C6120D6934A0004268F /* Build configuration list for PBXNativeTarget "CalendarApp" */;
			buildPhases = (
				81D31C4B20D693460004268F /* Sources */,
				81D31C4C20D693460004268F /* Frameworks */,
				81D31C4D20D693460004268F /* Resources */,
			);
			buildRules = (
			);
			dependencies = (
			);
			name = CalendarApp;
			productName = CalendarApp;
			productReference = 81D31C4F20D693460004268F /* CalendarApp.app */;
			productType = "com.apple.product-type.application";
		};
/* End PBXNativeTarget section */

/* Begin PBXProject section */
		81D31C4720D693460004268F /* Project object */ = {
			isa = PBXProject;
			attributes = {
				LastSwiftUpdateCheck = 0930;
				LastUpgradeCheck = 0930;
				ORGANIZATIONNAME = C4Q;
				TargetAttributes = {
					81D31C4E20D693460004268F = {
						CreatedOnToolsVersion = 9.3;
					};
				};
			};
			buildConfigurationList = 81D31C4A20D693460004268F /* Build configuration list for PBXProject "CalendarApp" */;
			compatibilityVersion = "Xcode 9.3";
			developmentRegion = en;
			hasScannedForEncodings = 0;
			knownRegions = (
				en,
				Base,
			);
			mainGroup = 81D31C4620D693460004268F;
			productRefGroup = 81D31C5020D693460004268F /* Products */;
			projectDirPath = "";
			projectRoot = "";
			targets = (
				81D31C4E20D693460004268F /* CalendarApp */,
			);
		};
/* End PBXProject section */

/* Begin PBXResourcesBuildPhase section */
		81D31C4D20D693460004268F /* Resources */ = {
			isa = PBXResourcesBuildPhase;
			buildActionMask = 2147483647;
			files = (
				81D31C5D20D6934A0004268F /* LaunchScreen.storyboard in Resources */,
				81D31C5A20D6934A0004268F /* Assets.xcassets in Resources */,
			);
			runOnlyForDeploymentPostprocessing = 0;
		};
/* End PBXResourcesBuildPhase section */

/* Begin PBXSourcesBuildPhase section */
		81D31C4B20D693460004268F /* Sources */ = {
			isa = PBXSourcesBuildPhase;
			buildActionMask = 2147483647;
			files = (
				81E2FA2920E6E6B400608656 /* seeEventsTableViewCell.swift in Sources */,
				81D31C5520D693460004268F /* CalendarVC.swift in Sources */,
				81ADF6D420DEF01200498BC9 /* CalenderCell.swift in Sources */,
				81D31C6920D72E4D0004268F /* WeekdayView.swift in Sources */,
				81D31C5320D693460004268F /* AppDelegate.swift in Sources */,
				81ADF6D020DD737E00498BC9 /* EventAPIClient.swift in Sources */,
				81D31C6520D7161B0004268F /* CalendarView.swift in Sources */,
				81ADF6CE20DD63B700498BC9 /* NetworkHelper.swift in Sources */,
				81ADF6D220DD740700498BC9 /* EventModel.swift in Sources */,
				81D31C6720D72CBC0004268F /* MonthView.swift in Sources */,
				81E2FA2520E2EC5200608656 /* CreateEventView.swift in Sources */,
				81E2FA2120E173C600608656 /* SeeEventsCreated.swift in Sources */,
				81E2FA2720E3F3F800608656 /* CreateEventViewController.swift in Sources */,
			);
			runOnlyForDeploymentPostprocessing = 0;
		};
/* End PBXSourcesBuildPhase section */

/* Begin PBXVariantGroup section */
		81D31C5B20D6934A0004268F /* LaunchScreen.storyboard */ = {
			isa = PBXVariantGroup;
			children = (
				81D31C5C20D6934A0004268F /* Base */,
			);
			name = LaunchScreen.storyboard;
			sourceTree = "<group>";
		};
/* End PBXVariantGroup section */

/* Begin XCBuildConfiguration section */
		81D31C5F20D6934A0004268F /* Debug */ = {
			isa = XCBuildConfiguration;
			buildSettings = {
				ALWAYS_SEARCH_USER_PATHS = NO;
				CLANG_ANALYZER_NONNULL = YES;
				CLANG_ANALYZER_NUMBER_OBJECT_CONVERSION = YES_AGGRESSIVE;
				CLANG_CXX_LANGUAGE_STANDARD = "gnu++14";
				CLANG_CXX_LIBRARY = "libc++";
				CLANG_ENABLE_MODULES = YES;
				CLANG_ENABLE_OBJC_ARC = YES;
				CLANG_ENABLE_OBJC_WEAK = YES;
				CLANG_WARN_BLOCK_CAPTURE_AUTORELEASING = YES;
				CLANG_WARN_BOOL_CONVERSION = YES;
				CLANG_WARN_COMMA = YES;
				CLANG_WARN_CONSTANT_CONVERSION = YES;
				CLANG_WARN_DEPRECATED_OBJC_IMPLEMENTATIONS = YES;
				CLANG_WARN_DIRECT_OBJC_ISA_USAGE = YES_ERROR;
				CLANG_WARN_DOCUMENTATION_COMMENTS = YES;
				CLANG_WARN_EMPTY_BODY = YES;
				CLANG_WARN_ENUM_CONVERSION = YES;
				CLANG_WARN_INFINITE_RECURSION = YES;
				CLANG_WARN_INT_CONVERSION = YES;
				CLANG_WARN_NON_LITERAL_NULL_CONVERSION = YES;
				CLANG_WARN_OBJC_IMPLICIT_RETAIN_SELF = YES;
				CLANG_WARN_OBJC_LITERAL_CONVERSION = YES;
				CLANG_WARN_OBJC_ROOT_CLASS = YES_ERROR;
				CLANG_WARN_RANGE_LOOP_ANALYSIS = YES;
				CLANG_WARN_STRICT_PROTOTYPES = YES;
				CLANG_WARN_SUSPICIOUS_MOVE = YES;
				CLANG_WARN_UNGUARDED_AVAILABILITY = YES_AGGRESSIVE;
				CLANG_WARN_UNREACHABLE_CODE = YES;
				CLANG_WARN__DUPLICATE_METHOD_MATCH = YES;
				CODE_SIGN_IDENTITY = "iPhone Developer";
				COPY_PHASE_STRIP = NO;
				DEBUG_INFORMATION_FORMAT = dwarf;
				ENABLE_STRICT_OBJC_MSGSEND = YES;
				ENABLE_TESTABILITY = YES;
				GCC_C_LANGUAGE_STANDARD = gnu11;
				GCC_DYNAMIC_NO_PIC = NO;
				GCC_NO_COMMON_BLOCKS = YES;
				GCC_OPTIMIZATION_LEVEL = 0;
				GCC_PREPROCESSOR_DEFINITIONS = (
					"DEBUG=1",
					"$(inherited)",
				);
				GCC_WARN_64_TO_32_BIT_CONVERSION = YES;
				GCC_WARN_ABOUT_RETURN_TYPE = YES_ERROR;
				GCC_WARN_UNDECLARED_SELECTOR = YES;
				GCC_WARN_UNINITIALIZED_AUTOS = YES_AGGRESSIVE;
				GCC_WARN_UNUSED_FUNCTION = YES;
				GCC_WARN_UNUSED_VARIABLE = YES;
				IPHONEOS_DEPLOYMENT_TARGET = 11.3;
				MTL_ENABLE_DEBUG_INFO = YES;
				ONLY_ACTIVE_ARCH = YES;
				SDKROOT = iphoneos;
				SWIFT_ACTIVE_COMPILATION_CONDITIONS = DEBUG;
				SWIFT_OPTIMIZATION_LEVEL = "-Onone";
			};
			name = Debug;
		};
		81D31C6020D6934A0004268F /* Release */ = {
			isa = XCBuildConfiguration;
			buildSettings = {
				ALWAYS_SEARCH_USER_PATHS = NO;
				CLANG_ANALYZER_NONNULL = YES;
				CLANG_ANALYZER_NUMBER_OBJECT_CONVERSION = YES_AGGRESSIVE;
				CLANG_CXX_LANGUAGE_STANDARD = "gnu++14";
				CLANG_CXX_LIBRARY = "libc++";
				CLANG_ENABLE_MODULES = YES;
				CLANG_ENABLE_OBJC_ARC = YES;
				CLANG_ENABLE_OBJC_WEAK = YES;
				CLANG_WARN_BLOCK_CAPTURE_AUTORELEASING = YES;
				CLANG_WARN_BOOL_CONVERSION = YES;
				CLANG_WARN_COMMA = YES;
				CLANG_WARN_CONSTANT_CONVERSION = YES;
				CLANG_WARN_DEPRECATED_OBJC_IMPLEMENTATIONS = YES;
				CLANG_WARN_DIRECT_OBJC_ISA_USAGE = YES_ERROR;
				CLANG_WARN_DOCUMENTATION_COMMENTS = YES;
				CLANG_WARN_EMPTY_BODY = YES;
				CLANG_WARN_ENUM_CONVERSION = YES;
				CLANG_WARN_INFINITE_RECURSION = YES;
				CLANG_WARN_INT_CONVERSION = YES;
				CLANG_WARN_NON_LITERAL_NULL_CONVERSION = YES;
				CLANG_WARN_OBJC_IMPLICIT_RETAIN_SELF = YES;
				CLANG_WARN_OBJC_LITERAL_CONVERSION = YES;
				CLANG_WARN_OBJC_ROOT_CLASS = YES_ERROR;
				CLANG_WARN_RANGE_LOOP_ANALYSIS = YES;
				CLANG_WARN_STRICT_PROTOTYPES = YES;
				CLANG_WARN_SUSPICIOUS_MOVE = YES;
				CLANG_WARN_UNGUARDED_AVAILABILITY = YES_AGGRESSIVE;
				CLANG_WARN_UNREACHABLE_CODE = YES;
				CLANG_WARN__DUPLICATE_METHOD_MATCH = YES;
				CODE_SIGN_IDENTITY = "iPhone Developer";
				COPY_PHASE_STRIP = NO;
				DEBUG_INFORMATION_FORMAT = "dwarf-with-dsym";
				ENABLE_NS_ASSERTIONS = NO;
				ENABLE_STRICT_OBJC_MSGSEND = YES;
				GCC_C_LANGUAGE_STANDARD = gnu11;
				GCC_NO_COMMON_BLOCKS = YES;
				GCC_WARN_64_TO_32_BIT_CONVERSION = YES;
				GCC_WARN_ABOUT_RETURN_TYPE = YES_ERROR;
				GCC_WARN_UNDECLARED_SELECTOR = YES;
				GCC_WARN_UNINITIALIZED_AUTOS = YES_AGGRESSIVE;
				GCC_WARN_UNUSED_FUNCTION = YES;
				GCC_WARN_UNUSED_VARIABLE = YES;
				IPHONEOS_DEPLOYMENT_TARGET = 11.3;
				MTL_ENABLE_DEBUG_INFO = NO;
				SDKROOT = iphoneos;
				SWIFT_COMPILATION_MODE = wholemodule;
				SWIFT_OPTIMIZATION_LEVEL = "-O";
				VALIDATE_PRODUCT = YES;
			};
			name = Release;
		};
		81D31C6220D6934A0004268F /* Debug */ = {
			isa = XCBuildConfiguration;
			buildSettings = {
				ASSETCATALOG_COMPILER_APPICON_NAME = AppIcon;
				CODE_SIGN_STYLE = Automatic;
				INFOPLIST_FILE = CalendarApp/Info.plist;
				LD_RUNPATH_SEARCH_PATHS = (
					"$(inherited)",
					"@executable_path/Frameworks",
				);
				PRODUCT_BUNDLE_IDENTIFIER = c4q.CalendarApp;
				PRODUCT_NAME = "$(TARGET_NAME)";
				SWIFT_VERSION = 4.0;
				TARGETED_DEVICE_FAMILY = "1,2";
			};
			name = Debug;
		};
		81D31C6320D6934A0004268F /* Release */ = {
			isa = XCBuildConfiguration;
			buildSettings = {
				ASSETCATALOG_COMPILER_APPICON_NAME = AppIcon;
				CODE_SIGN_STYLE = Automatic;
				INFOPLIST_FILE = CalendarApp/Info.plist;
				LD_RUNPATH_SEARCH_PATHS = (
					"$(inherited)",
					"@executable_path/Frameworks",
				);
				PRODUCT_BUNDLE_IDENTIFIER = c4q.CalendarApp;
				PRODUCT_NAME = "$(TARGET_NAME)";
				SWIFT_VERSION = 4.0;
				TARGETED_DEVICE_FAMILY = "1,2";
			};
			name = Release;
		};
/* End XCBuildConfiguration section */

/* Begin XCConfigurationList section */
		81D31C4A20D693460004268F /* Build configuration list for PBXProject "CalendarApp" */ = {
			isa = XCConfigurationList;
			buildConfigurations = (
				81D31C5F20D6934A0004268F /* Debug */,
				81D31C6020D6934A0004268F /* Release */,
			);
			defaultConfigurationIsVisible = 0;
			defaultConfigurationName = Release;
		};
		81D31C6120D6934A0004268F /* Build configuration list for PBXNativeTarget "CalendarApp" */ = {
			isa = XCConfigurationList;
			buildConfigurations = (
				81D31C6220D6934A0004268F /* Debug */,
				81D31C6320D6934A0004268F /* Release */,
			);
			defaultConfigurationIsVisible = 0;
			defaultConfigurationName = Release;
		};
/* End XCConfigurationList section */
	};
	rootObject = 81D31C4720D693460004268F /* Project object */;
}
